
Microsoft Visual Studio Solution File, Format Version 12.00
Project("{FAE04EC0-301F-11D3-BF4B-00C04F79EFBC}") = "picSimu", "picSimu\picSimu.csproj", "{FD8B50E7-68E3-4A49-A278-6007814B1C7C}"
EndProject
Global
	GlobalSection(SolutionConfigurationPlatforms) = preSolution
		Debug|Any CPU = Debug|Any CPU
		Release|Any CPU = Release|Any CPU
	EndGlobalSection
	GlobalSection(ProjectConfigurationPlatforms) = postSolution
		{FD8B50E7-68E3-4A49-A278-6007814B1C7C}.Debug|Any CPU.ActiveCfg = Debug|Any CPU
		{FD8B50E7-68E3-4A49-A278-6007814B1C7C}.Debug|Any CPU.Build.0 = Debug|Any CPU
		{FD8B50E7-68E3-4A49-A278-6007814B1C7C}.Release|Any CPU.ActiveCfg = Release|Any CPU
		{FD8B50E7-68E3-4A49-A278-6007814B1C7C}.Release|Any CPU.Build.0 = Release|Any CPU
	EndGlobalSection
EndGlobal
